// !$*UTF8*$!
{
	archiveVersion = 1;
	classes = {
	};
	objectVersion = 46;
	objects = {

/* Begin PBXBuildFile section */
		360356721E5D80FA00855F03 /* AppDelegate.swift in Sources */ = {isa = PBXBuildFile; fileRef = 360356711E5D80FA00855F03 /* AppDelegate.swift */; };
		360356741E5D80FA00855F03 /* ViewController.swift in Sources */ = {isa = PBXBuildFile; fileRef = 360356731E5D80FA00855F03 /* ViewController.swift */; };
		360356771E5D80FA00855F03 /* Main.storyboard in Resources */ = {isa = PBXBuildFile; fileRef = 360356751E5D80FA00855F03 /* Main.storyboard */; };
		360356791E5D80FA00855F03 /* Assets.xcassets in Resources */ = {isa = PBXBuildFile; fileRef = 360356781E5D80FA00855F03 /* Assets.xcassets */; };
		3603567C1E5D80FA00855F03 /* LaunchScreen.storyboard in Resources */ = {isa = PBXBuildFile; fileRef = 3603567A1E5D80FA00855F03 /* LaunchScreen.storyboard */; };
		36216E6D1E68095200E888F3 /* DetailView.swift in Sources */ = {isa = PBXBuildFile; fileRef = 36216E6C1E68095200E888F3 /* DetailView.swift */; };
		362EB40D1E5D886D00B79C48 /* InitVC.swift in Sources */ = {isa = PBXBuildFile; fileRef = 362EB40C1E5D886D00B79C48 /* InitVC.swift */; };
		362EB40F1E5D894400B79C48 /* InitView.swift in Sources */ = {isa = PBXBuildFile; fileRef = 362EB40E1E5D894400B79C48 /* InitView.swift */; };
		362EB4111E5D8C6400B79C48 /* OAuthCommunication.swift in Sources */ = {isa = PBXBuildFile; fileRef = 362EB4101E5D8C6400B79C48 /* OAuthCommunication.swift */; };
		363BAF351E640979000BF769 /* WebViewController.swift in Sources */ = {isa = PBXBuildFile; fileRef = 363BAF341E640979000BF769 /* WebViewController.swift */; };
		363BAF371E645761000BF769 /* DetailVC.swift in Sources */ = {isa = PBXBuildFile; fileRef = 363BAF361E645761000BF769 /* DetailVC.swift */; };
		36B701D31E618AD700C4E244 /* Images.swift in Sources */ = {isa = PBXBuildFile; fileRef = 36B701D21E618AD700C4E244 /* Images.swift */; };
		36B701D51E618BD600C4E244 /* Display.swift in Sources */ = {isa = PBXBuildFile; fileRef = 36B701D41E618BD600C4E244 /* Display.swift */; };
		36B701D71E618CF500C4E244 /* Element.swift in Sources */ = {isa = PBXBuildFile; fileRef = 36B701D61E618CF500C4E244 /* Element.swift */; };
		36B701D91E618D6C00C4E244 /* parseJSON.swift in Sources */ = {isa = PBXBuildFile; fileRef = 36B701D81E618D6C00C4E244 /* parseJSON.swift */; };
		36B701DC1E61920200C4E244 /* AppSingleton.swift in Sources */ = {isa = PBXBuildFile; fileRef = 36B701DB1E61920200C4E244 /* AppSingleton.swift */; };
		36B701DF1E61982B00C4E244 /* UtilActivityIndicator.swift in Sources */ = {isa = PBXBuildFile; fileRef = 36B701DE1E61982B00C4E244 /* UtilActivityIndicator.swift */; };
		36B702011E61DCFA00C4E244 /* ListVC.swift in Sources */ = {isa = PBXBuildFile; fileRef = 36B702001E61DCFA00C4E244 /* ListVC.swift */; };
		36B702031E61DD7700C4E244 /* ListView.swift in Sources */ = {isa = PBXBuildFile; fileRef = 36B702021E61DD7700C4E244 /* ListView.swift */; };
		36B702051E61DE7A00C4E244 /* TopView.swift in Sources */ = {isa = PBXBuildFile; fileRef = 36B702041E61DE7A00C4E244 /* TopView.swift */; };
		36B702071E61E72900C4E244 /* ListViewTableViewCell.swift in Sources */ = {isa = PBXBuildFile; fileRef = 36B702061E61E72900C4E244 /* ListViewTableViewCell.swift */; };
		A9DFC9398D97C2099BA9B02B /* Pods_iBooChallenge.framework in Frameworks */ = {isa = PBXBuildFile; fileRef = C7D8A744BAF9B718B4788078 /* Pods_iBooChallenge.framework */; };
/* End PBXBuildFile section */

/* Begin PBXFileReference section */
		3603566E1E5D80FA00855F03 /* iBooChallenge.app */ = {isa = PBXFileReference; explicitFileType = wrapper.application; includeInIndex = 0; path = iBooChallenge.app; sourceTree = BUILT_PRODUCTS_DIR; };
		360356711E5D80FA00855F03 /* AppDelegate.swift */ = {isa = PBXFileReference; lastKnownFileType = sourcecode.swift; path = AppDelegate.swift; sourceTree = "<group>"; };
		360356731E5D80FA00855F03 /* ViewController.swift */ = {isa = PBXFileReference; lastKnownFileType = sourcecode.swift; path = ViewController.swift; sourceTree = "<group>"; };
		360356761E5D80FA00855F03 /* Base */ = {isa = PBXFileReference; lastKnownFileType = file.storyboard; name = Base; path = Base.lproj/Main.storyboard; sourceTree = "<group>"; };
		360356781E5D80FA00855F03 /* Assets.xcassets */ = {isa = PBXFileReference; lastKnownFileType = folder.assetcatalog; path = Assets.xcassets; sourceTree = "<group>"; };
		3603567B1E5D80FA00855F03 /* Base */ = {isa = PBXFileReference; lastKnownFileType = file.storyboard; name = Base; path = Base.lproj/LaunchScreen.storyboard; sourceTree = "<group>"; };
		3603567D1E5D80FA00855F03 /* Info.plist */ = {isa = PBXFileReference; lastKnownFileType = text.plist.xml; path = Info.plist; sourceTree = "<group>"; };
		36216E6C1E68095200E888F3 /* DetailView.swift */ = {isa = PBXFileReference; fileEncoding = 4; lastKnownFileType = sourcecode.swift; path = DetailView.swift; sourceTree = "<group>"; };
		362EB40C1E5D886D00B79C48 /* InitVC.swift */ = {isa = PBXFileReference; fileEncoding = 4; lastKnownFileType = sourcecode.swift; path = InitVC.swift; sourceTree = "<group>"; };
		362EB40E1E5D894400B79C48 /* InitView.swift */ = {isa = PBXFileReference; fileEncoding = 4; lastKnownFileType = sourcecode.swift; path = InitView.swift; sourceTree = "<group>"; };
		362EB4101E5D8C6400B79C48 /* OAuthCommunication.swift */ = {isa = PBXFileReference; fileEncoding = 4; lastKnownFileType = sourcecode.swift; path = OAuthCommunication.swift; sourceTree = "<group>"; };
		363BAF341E640979000BF769 /* WebViewController.swift */ = {isa = PBXFileReference; fileEncoding = 4; lastKnownFileType = sourcecode.swift; path = WebViewController.swift; sourceTree = "<group>"; };
		363BAF361E645761000BF769 /* DetailVC.swift */ = {isa = PBXFileReference; fileEncoding = 4; lastKnownFileType = sourcecode.swift; path = DetailVC.swift; sourceTree = "<group>"; };
		36B701D21E618AD700C4E244 /* Images.swift */ = {isa = PBXFileReference; fileEncoding = 4; lastKnownFileType = sourcecode.swift; path = Images.swift; sourceTree = "<group>"; };
		36B701D41E618BD600C4E244 /* Display.swift */ = {isa = PBXFileReference; fileEncoding = 4; lastKnownFileType = sourcecode.swift; path = Display.swift; sourceTree = "<group>"; };
		36B701D61E618CF500C4E244 /* Element.swift */ = {isa = PBXFileReference; fileEncoding = 4; lastKnownFileType = sourcecode.swift; path = Element.swift; sourceTree = "<group>"; };
		36B701D81E618D6C00C4E244 /* parseJSON.swift */ = {isa = PBXFileReference; fileEncoding = 4; lastKnownFileType = sourcecode.swift; path = parseJSON.swift; sourceTree = "<group>"; };
		36B701DB1E61920200C4E244 /* AppSingleton.swift */ = {isa = PBXFileReference; fileEncoding = 4; lastKnownFileType = sourcecode.swift; path = AppSingleton.swift; sourceTree = "<group>"; };
		36B701DE1E61982B00C4E244 /* UtilActivityIndicator.swift */ = {isa = PBXFileReference; fileEncoding = 4; lastKnownFileType = sourcecode.swift; path = UtilActivityIndicator.swift; sourceTree = "<group>"; };
		36B702001E61DCFA00C4E244 /* ListVC.swift */ = {isa = PBXFileReference; fileEncoding = 4; lastKnownFileType = sourcecode.swift; path = ListVC.swift; sourceTree = "<group>"; };
		36B702021E61DD7700C4E244 /* ListView.swift */ = {isa = PBXFileReference; fileEncoding = 4; lastKnownFileType = sourcecode.swift; path = ListView.swift; sourceTree = "<group>"; };
		36B702041E61DE7A00C4E244 /* TopView.swift */ = {isa = PBXFileReference; fileEncoding = 4; lastKnownFileType = sourcecode.swift; path = TopView.swift; sourceTree = "<group>"; };
		36B702061E61E72900C4E244 /* ListViewTableViewCell.swift */ = {isa = PBXFileReference; fileEncoding = 4; lastKnownFileType = sourcecode.swift; path = ListViewTableViewCell.swift; sourceTree = "<group>"; };
		593EF7D5306B18F2B3104429 /* Pods-iBooChallenge.debug.xcconfig */ = {isa = PBXFileReference; includeInIndex = 1; lastKnownFileType = text.xcconfig; name = "Pods-iBooChallenge.debug.xcconfig"; path = "Pods/Target Support Files/Pods-iBooChallenge/Pods-iBooChallenge.debug.xcconfig"; sourceTree = "<group>"; };
		C7D8A744BAF9B718B4788078 /* Pods_iBooChallenge.framework */ = {isa = PBXFileReference; explicitFileType = wrapper.framework; includeInIndex = 0; path = Pods_iBooChallenge.framework; sourceTree = BUILT_PRODUCTS_DIR; };
		F2C11AC7C40BC750143C2E7F /* Pods-iBooChallenge.release.xcconfig */ = {isa = PBXFileReference; includeInIndex = 1; lastKnownFileType = text.xcconfig; name = "Pods-iBooChallenge.release.xcconfig"; path = "Pods/Target Support Files/Pods-iBooChallenge/Pods-iBooChallenge.release.xcconfig"; sourceTree = "<group>"; };
/* End PBXFileReference section */

/* Begin PBXFrameworksBuildPhase section */
		3603566B1E5D80FA00855F03 /* Frameworks */ = {
			isa = PBXFrameworksBuildPhase;
			buildActionMask = 2147483647;
			files = (
				A9DFC9398D97C2099BA9B02B /* Pods_iBooChallenge.framework in Frameworks */,
			);
			runOnlyForDeploymentPostprocessing = 0;
		};
/* End PBXFrameworksBuildPhase section */

/* Begin PBXGroup section */
		360356651E5D80FA00855F03 = {
			isa = PBXGroup;
			children = (
				360356701E5D80FA00855F03 /* iBooChallenge */,
				3603566F1E5D80FA00855F03 /* Products */,
				C3C3E241BE86B794073F706B /* Pods */,
				CCBADBA7B46BED686C74C4BA /* Frameworks */,
			);
			sourceTree = "<group>";
		};
		3603566F1E5D80FA00855F03 /* Products */ = {
			isa = PBXGroup;
			children = (
				3603566E1E5D80FA00855F03 /* iBooChallenge.app */,
			);
			name = Products;
			sourceTree = "<group>";
		};
		360356701E5D80FA00855F03 /* iBooChallenge */ = {
			isa = PBXGroup;
			children = (
				360356711E5D80FA00855F03 /* AppDelegate.swift */,
				362EB4081E5D86A700B79C48 /* MODEL */,
				362EB40A1E5D86B700B79C48 /* VIEW */,
				362EB4091E5D86AE00B79C48 /* CONTROLLER */,
				36B701DD1E6197FC00C4E244 /* Utils */,
				362EB40B1E5D86C700B79C48 /* Support Files */,
				360356781E5D80FA00855F03 /* Assets.xcassets */,
			);
			path = iBooChallenge;
			sourceTree = "<group>";
		};
		362EB4081E5D86A700B79C48 /* MODEL */ = {
			isa = PBXGroup;
			children = (
				36B701DA1E6191F500C4E244 /* Singleton */,
				36B701D11E618AB700C4E244 /* ClassModelDB */,
				362EB4101E5D8C6400B79C48 /* OAuthCommunication.swift */,
				36B701D81E618D6C00C4E244 /* parseJSON.swift */,
			);
			name = MODEL;
			sourceTree = "<group>";
		};
		362EB4091E5D86AE00B79C48 /* CONTROLLER */ = {
			isa = PBXGroup;
			children = (
				362EB40C1E5D886D00B79C48 /* InitVC.swift */,
				36B702001E61DCFA00C4E244 /* ListVC.swift */,
				363BAF361E645761000BF769 /* DetailVC.swift */,
				363BAF341E640979000BF769 /* WebViewController.swift */,
			);
			name = CONTROLLER;
			sourceTree = "<group>";
		};
		362EB40A1E5D86B700B79C48 /* VIEW */ = {
			isa = PBXGroup;
			children = (
				36B702041E61DE7A00C4E244 /* TopView.swift */,
				362EB40E1E5D894400B79C48 /* InitView.swift */,
				36B702021E61DD7700C4E244 /* ListView.swift */,
				36B702061E61E72900C4E244 /* ListViewTableViewCell.swift */,
				36216E6C1E68095200E888F3 /* DetailView.swift */,
			);
			name = VIEW;
			sourceTree = "<group>";
		};
		362EB40B1E5D86C700B79C48 /* Support Files */ = {
			isa = PBXGroup;
			children = (
				3603567A1E5D80FA00855F03 /* LaunchScreen.storyboard */,
				360356751E5D80FA00855F03 /* Main.storyboard */,
				360356731E5D80FA00855F03 /* ViewController.swift */,
				3603567D1E5D80FA00855F03 /* Info.plist */,
			);
			name = "Support Files";
			sourceTree = "<group>";
		};
		36B701D11E618AB700C4E244 /* ClassModelDB */ = {
			isa = PBXGroup;
			children = (
				36B701D21E618AD700C4E244 /* Images.swift */,
				36B701D41E618BD600C4E244 /* Display.swift */,
				36B701D61E618CF500C4E244 /* Element.swift */,
			);
			name = ClassModelDB;
			sourceTree = "<group>";
		};
		36B701DA1E6191F500C4E244 /* Singleton */ = {
			isa = PBXGroup;
			children = (
				36B701DB1E61920200C4E244 /* AppSingleton.swift */,
			);
			name = Singleton;
			sourceTree = "<group>";
		};
		36B701DD1E6197FC00C4E244 /* Utils */ = {
			isa = PBXGroup;
			children = (
				36B701DE1E61982B00C4E244 /* UtilActivityIndicator.swift */,
			);
			name = Utils;
			sourceTree = "<group>";
		};
		C3C3E241BE86B794073F706B /* Pods */ = {
			isa = PBXGroup;
			children = (
				593EF7D5306B18F2B3104429 /* Pods-iBooChallenge.debug.xcconfig */,
				F2C11AC7C40BC750143C2E7F /* Pods-iBooChallenge.release.xcconfig */,
			);
			name = Pods;
			sourceTree = "<group>";
		};
		CCBADBA7B46BED686C74C4BA /* Frameworks */ = {
			isa = PBXGroup;
			children = (
				C7D8A744BAF9B718B4788078 /* Pods_iBooChallenge.framework */,
			);
			name = Frameworks;
			sourceTree = "<group>";
		};
/* End PBXGroup section */

/* Begin PBXNativeTarget section */
		3603566D1E5D80FA00855F03 /* iBooChallenge */ = {
			isa = PBXNativeTarget;
			buildConfigurationList = 360356801E5D80FA00855F03 /* Build configuration list for PBXNativeTarget "iBooChallenge" */;
			buildPhases = (
				42FD5273E4AA2C34B46974DA /* [CP] Check Pods Manifest.lock */,
				3603566A1E5D80FA00855F03 /* Sources */,
				3603566B1E5D80FA00855F03 /* Frameworks */,
				3603566C1E5D80FA00855F03 /* Resources */,
				6FE42207D7C993FF84FD2A99 /* [CP] Embed Pods Frameworks */,
				24733F7CC4F99F7747CBEEE9 /* [CP] Copy Pods Resources */,
			);
			buildRules = (
			);
			dependencies = (
			);
			name = iBooChallenge;
			productName = iBooChallenge;
			productReference = 3603566E1E5D80FA00855F03 /* iBooChallenge.app */;
			productType = "com.apple.product-type.application";
		};
/* End PBXNativeTarget section */

/* Begin PBXProject section */
		360356661E5D80FA00855F03 /* Project object */ = {
			isa = PBXProject;
			attributes = {
				LastSwiftUpdateCheck = 0820;
				LastUpgradeCheck = 0820;
				ORGANIZATIONNAME = marcosmolero;
				TargetAttributes = {
					3603566D1E5D80FA00855F03 = {
						CreatedOnToolsVersion = 8.2.1;
						ProvisioningStyle = Automatic;
					};
				};
			};
			buildConfigurationList = 360356691E5D80FA00855F03 /* Build configuration list for PBXProject "iBooChallenge" */;
			compatibilityVersion = "Xcode 3.2";
			developmentRegion = English;
			hasScannedForEncodings = 0;
			knownRegions = (
				en,
				Base,
			);
			mainGroup = 360356651E5D80FA00855F03;
			productRefGroup = 3603566F1E5D80FA00855F03 /* Products */;
			projectDirPath = "";
			projectRoot = "";
			targets = (
				3603566D1E5D80FA00855F03 /* iBooChallenge */,
			);
		};
/* End PBXProject section */

/* Begin PBXResourcesBuildPhase section */
		3603566C1E5D80FA00855F03 /* Resources */ = {
			isa = PBXResourcesBuildPhase;
			buildActionMask = 2147483647;
			files = (
				3603567C1E5D80FA00855F03 /* LaunchScreen.storyboard in Resources */,
				360356791E5D80FA00855F03 /* Assets.xcassets in Resources */,
				360356771E5D80FA00855F03 /* Main.storyboard in Resources */,
			);
			runOnlyForDeploymentPostprocessing = 0;
		};
/* End PBXResourcesBuildPhase section */

/* Begin PBXShellScriptBuildPhase section */
		24733F7CC4F99F7747CBEEE9 /* [CP] Copy Pods Resources */ = {
			isa = PBXShellScriptBuildPhase;
			buildActionMask = 2147483647;
			files = (
			);
			inputPaths = (
			);
			name = "[CP] Copy Pods Resources";
			outputPaths = (
			);
			runOnlyForDeploymentPostprocessing = 0;
			shellPath = /bin/sh;
			shellScript = "\"${SRCROOT}/Pods/Target Support Files/Pods-iBooChallenge/Pods-iBooChallenge-resources.sh\"\n";
			showEnvVarsInLog = 0;
		};
		42FD5273E4AA2C34B46974DA /* [CP] Check Pods Manifest.lock */ = {
			isa = PBXShellScriptBuildPhase;
			buildActionMask = 2147483647;
			files = (
			);
			inputPaths = (
			);
			name = "[CP] Check Pods Manifest.lock";
			outputPaths = (
			);
			runOnlyForDeploymentPostprocessing = 0;
			shellPath = /bin/sh;
			shellScript = "diff \"${PODS_ROOT}/../Podfile.lock\" \"${PODS_ROOT}/Manifest.lock\" > /dev/null\nif [ $? != 0 ] ; then\n    # print error to STDERR\n    echo \"error: The sandbox is not in sync with the Podfile.lock. Run 'pod install' or update your CocoaPods installation.\" >&2\n    exit 1\nfi\n";
			showEnvVarsInLog = 0;
		};
		6FE42207D7C993FF84FD2A99 /* [CP] Embed Pods Frameworks */ = {
			isa = PBXShellScriptBuildPhase;
			buildActionMask = 2147483647;
			files = (
			);
			inputPaths = (
			);
			name = "[CP] Embed Pods Frameworks";
			outputPaths = (
			);
			runOnlyForDeploymentPostprocessing = 0;
			shellPath = /bin/sh;
			shellScript = "\"${SRCROOT}/Pods/Target Support Files/Pods-iBooChallenge/Pods-iBooChallenge-frameworks.sh\"\n";
			showEnvVarsInLog = 0;
		};
/* End PBXShellScriptBuildPhase section */

/* Begin PBXSourcesBuildPhase section */
		3603566A1E5D80FA00855F03 /* Sources */ = {
			isa = PBXSourcesBuildPhase;
			buildActionMask = 2147483647;
			files = (
				36B702051E61DE7A00C4E244 /* TopView.swift in Sources */,
				36216E6D1E68095200E888F3 /* DetailView.swift in Sources */,
				36B702011E61DCFA00C4E244 /* ListVC.swift in Sources */,
				36B702031E61DD7700C4E244 /* ListView.swift in Sources */,
				36B702071E61E72900C4E244 /* ListViewTableViewCell.swift in Sources */,
				363BAF371E645761000BF769 /* DetailVC.swift in Sources */,
				362EB40F1E5D894400B79C48 /* InitView.swift in Sources */,
				36B701D31E618AD700C4E244 /* Images.swift in Sources */,
				36B701D71E618CF500C4E244 /* Element.swift in Sources */,
				36B701D91E618D6C00C4E244 /* parseJSON.swift in Sources */,
				36B701D51E618BD600C4E244 /* Display.swift in Sources */,
				36B701DC1E61920200C4E244 /* AppSingleton.swift in Sources */,
				360356741E5D80FA00855F03 /* ViewController.swift in Sources */,
				362EB40D1E5D886D00B79C48 /* InitVC.swift in Sources */,
				36B701DF1E61982B00C4E244 /* UtilActivityIndicator.swift in Sources */,
				362EB4111E5D8C6400B79C48 /* OAuthCommunication.swift in Sources */,
				360356721E5D80FA00855F03 /* AppDelegate.swift in Sources */,
				363BAF351E640979000BF769 /* WebViewController.swift in Sources */,
			);
			runOnlyForDeploymentPostprocessing = 0;
		};
/* End PBXSourcesBuildPhase section */

/* Begin PBXVariantGroup section */
		360356751E5D80FA00855F03 /* Main.storyboard */ = {
			isa = PBXVariantGroup;
			children = (
				360356761E5D80FA00855F03 /* Base */,
			);
			name = Main.storyboard;
			sourceTree = "<group>";
		};
		3603567A1E5D80FA00855F03 /* LaunchScreen.storyboard */ = {
			isa = PBXVariantGroup;
			children = (
				3603567B1E5D80FA00855F03 /* Base */,
			);
			name = LaunchScreen.storyboard;
			sourceTree = "<group>";
		};
/* End PBXVariantGroup section */

/* Begin XCBuildConfiguration section */
		3603567E1E5D80FA00855F03 /* Debug */ = {
			isa = XCBuildConfiguration;
			buildSettings = {
				ALWAYS_SEARCH_USER_PATHS = NO;
				CLANG_ANALYZER_NONNULL = YES;
				CLANG_CXX_LANGUAGE_STANDARD = "gnu++0x";
				CLANG_CXX_LIBRARY = "libc++";
				CLANG_ENABLE_MODULES = YES;
				CLANG_ENABLE_OBJC_ARC = YES;
				CLANG_WARN_BOOL_CONVERSION = YES;
				CLANG_WARN_CONSTANT_CONVERSION = YES;
				CLANG_WARN_DIRECT_OBJC_ISA_USAGE = YES_ERROR;
				CLANG_WARN_DOCUMENTATION_COMMENTS = YES;
				CLANG_WARN_EMPTY_BODY = YES;
				CLANG_WARN_ENUM_CONVERSION = YES;
				CLANG_WARN_INFINITE_RECURSION = YES;
				CLANG_WARN_INT_CONVERSION = YES;
				CLANG_WARN_OBJC_ROOT_CLASS = YES_ERROR;
				CLANG_WARN_SUSPICIOUS_MOVE = YES;
				CLANG_WARN_UNREACHABLE_CODE = YES;
				CLANG_WARN__DUPLICATE_METHOD_MATCH = YES;
				"CODE_SIGN_IDENTITY[sdk=iphoneos*]" = "iPhone Developer";
				COPY_PHASE_STRIP = NO;
				DEBUG_INFORMATION_FORMAT = dwarf;
				ENABLE_STRICT_OBJC_MSGSEND = YES;
				ENABLE_TESTABILITY = YES;
				GCC_C_LANGUAGE_STANDARD = gnu99;
				GCC_DYNAMIC_NO_PIC = NO;
				GCC_NO_COMMON_BLOCKS = YES;
				GCC_OPTIMIZATION_LEVEL = 0;
				GCC_PREPROCESSOR_DEFINITIONS = (
					"DEBUG=1",
					"$(inherited)",
				);
				GCC_WARN_64_TO_32_BIT_CONVERSION = YES;
				GCC_WARN_ABOUT_RETURN_TYPE = YES_ERROR;
				GCC_WARN_UNDECLARED_SELECTOR = YES;
				GCC_WARN_UNINITIALIZED_AUTOS = YES_AGGRESSIVE;
				GCC_WARN_UNUSED_FUNCTION = YES;
				GCC_WARN_UNUSED_VARIABLE = YES;
				IPHONEOS_DEPLOYMENT_TARGET = 10.2;
				MTL_ENABLE_DEBUG_INFO = YES;
				ONLY_ACTIVE_ARCH = YES;
				SDKROOT = iphoneos;
				SWIFT_ACTIVE_COMPILATION_CONDITIONS = DEBUG;
				SWIFT_OPTIMIZATION_LEVEL = "-Onone";
			};
			name = Debug;
		};
		3603567F1E5D80FA00855F03 /* Release */ = {
			isa = XCBuildConfiguration;
			buildSettings = {
				ALWAYS_SEARCH_USER_PATHS = NO;
				CLANG_ANALYZER_NONNULL = YES;
				CLANG_CXX_LANGUAGE_STANDARD = "gnu++0x";
				CLANG_CXX_LIBRARY = "libc++";
				CLANG_ENABLE_MODULES = YES;
				CLANG_ENABLE_OBJC_ARC = YES;
				CLANG_WARN_BOOL_CONVERSION = YES;
				CLANG_WARN_CONSTANT_CONVERSION = YES;
				CLANG_WARN_DIRECT_OBJC_ISA_USAGE = YES_ERROR;
				CLANG_WARN_DOCUMENTATION_COMMENTS = YES;
				CLANG_WARN_EMPTY_BODY = YES;
				CLANG_WARN_ENUM_CONVERSION = YES;
				CLANG_WARN_INFINITE_RECURSION = YES;
				CLANG_WARN_INT_CONVERSION = YES;
				CLANG_WARN_OBJC_ROOT_CLASS = YES_ERROR;
				CLANG_WARN_SUSPICIOUS_MOVE = YES;
				CLANG_WARN_UNREACHABLE_CODE = YES;
				CLANG_WARN__DUPLICATE_METHOD_MATCH = YES;
				"CODE_SIGN_IDENTITY[sdk=iphoneos*]" = "iPhone Developer";
				COPY_PHASE_STRIP = NO;
				DEBUG_INFORMATION_FORMAT = "dwarf-with-dsym";
				ENABLE_NS_ASSERTIONS = NO;
				ENABLE_STRICT_OBJC_MSGSEND = YES;
				GCC_C_LANGUAGE_STANDARD = gnu99;
				GCC_NO_COMMON_BLOCKS = YES;
				GCC_WARN_64_TO_32_BIT_CONVERSION = YES;
				GCC_WARN_ABOUT_RETURN_TYPE = YES_ERROR;
				GCC_WARN_UNDECLARED_SELECTOR = YES;
				GCC_WARN_UNINITIALIZED_AUTOS = YES_AGGRESSIVE;
				GCC_WARN_UNUSED_FUNCTION = YES;
				GCC_WARN_UNUSED_VARIABLE = YES;
				IPHONEOS_DEPLOYMENT_TARGET = 10.2;
				MTL_ENABLE_DEBUG_INFO = NO;
				SDKROOT = iphoneos;
				SWIFT_OPTIMIZATION_LEVEL = "-Owholemodule";
				VALIDATE_PRODUCT = YES;
			};
			name = Release;
		};
		360356811E5D80FA00855F03 /* Debug */ = {
			isa = XCBuildConfiguration;
			baseConfigurationReference = 593EF7D5306B18F2B3104429 /* Pods-iBooChallenge.debug.xcconfig */;
			buildSettings = {
				ASSETCATALOG_COMPILER_APPICON_NAME = AppIcon;
				DEVELOPMENT_TEAM = "";
				INFOPLIST_FILE = iBooChallenge/Info.plist;
				LD_RUNPATH_SEARCH_PATHS = "$(inherited) @executable_path/Frameworks";
				PRODUCT_BUNDLE_IDENTIFIER = com.marcosmolero.iBooChallenge;
				PRODUCT_NAME = "$(TARGET_NAME)";
				SWIFT_VERSION = 3.0;
			};
			name = Debug;
		};
		360356821E5D80FA00855F03 /* Release */ = {
			isa = XCBuildConfiguration;
			baseConfigurationReference = F2C11AC7C40BC750143C2E7F /* Pods-iBooChallenge.release.xcconfig */;
			buildSettings = {
				ASSETCATALOG_COMPILER_APPICON_NAME = AppIcon;
				DEVELOPMENT_TEAM = "";
				INFOPLIST_FILE = iBooChallenge/Info.plist;
				LD_RUNPATH_SEARCH_PATHS = "$(inherited) @executable_path/Frameworks";
				PRODUCT_BUNDLE_IDENTIFIER = com.marcosmolero.iBooChallenge;
				PRODUCT_NAME = "$(TARGET_NAME)";
				SWIFT_VERSION = 3.0;
			};
			name = Release;
		};
/* End XCBuildConfiguration section */

/* Begin XCConfigurationList section */
		360356691E5D80FA00855F03 /* Build configuration list for PBXProject "iBooChallenge" */ = {
			isa = XCConfigurationList;
			buildConfigurations = (
				3603567E1E5D80FA00855F03 /* Debug */,
				3603567F1E5D80FA00855F03 /* Release */,
			);
			defaultConfigurationIsVisible = 0;
			defaultConfigurationName = Release;
		};
		360356801E5D80FA00855F03 /* Build configuration list for PBXNativeTarget "iBooChallenge" */ = {
			isa = XCConfigurationList;
			buildConfigurations = (
				360356811E5D80FA00855F03 /* Debug */,
				360356821E5D80FA00855F03 /* Release */,
			);
			defaultConfigurationIsVisible = 0;
			defaultConfigurationName = Release;
		};
/* End XCConfigurationList section */
	};
	rootObject = 360356661E5D80FA00855F03 /* Project object */;
}
